
Microsoft Visual Studio Solution File, Format Version 12.00
# Visual Studio 15
VisualStudioVersion = 15.0.27130.2026
MinimumVisualStudioVersion = 10.0.40219.1
Project("{FAE04EC0-301F-11D3-BF4B-00C04F79EFBC}") = "KoA Informer", "KoA Informer\KoA Informer.csproj", "{82CEBB08-CD8E-409D-9BC8-D4AE19C52CF8}"
EndProject
Project("{FAE04EC0-301F-11D3-BF4B-00C04F79EFBC}") = "Koa.Model", "Koa.Model\Koa.Model.csproj", "{BA761502-0D97-42E0-8703-4D195483BF44}"
EndProject
Global
	GlobalSection(SolutionConfigurationPlatforms) = preSolution
		Debug|Any CPU = Debug|Any CPU
		Release|Any CPU = Release|Any CPU
	EndGlobalSection
	GlobalSection(ProjectConfigurationPlatforms) = postSolution
		{82CEBB08-CD8E-409D-9BC8-D4AE19C52CF8}.Debug|Any CPU.ActiveCfg = Debug|Any CPU
		{82CEBB08-CD8E-409D-9BC8-D4AE19C52CF8}.Debug|Any CPU.Build.0 = Debug|Any CPU
		{82CEBB08-CD8E-409D-9BC8-D4AE19C52CF8}.Release|Any CPU.ActiveCfg = Release|Any CPU
		{82CEBB08-CD8E-409D-9BC8-D4AE19C52CF8}.Release|Any CPU.Build.0 = Release|Any CPU
		{BA761502-0D97-42E0-8703-4D195483BF44}.Debug|Any CPU.ActiveCfg = Debug|Any CPU
		{BA761502-0D97-42E0-8703-4D195483BF44}.Debug|Any CPU.Build.0 = Debug|Any CPU
		{BA761502-0D97-42E0-8703-4D195483BF44}.Release|Any CPU.ActiveCfg = Release|Any CPU
		{BA761502-0D97-42E0-8703-4D195483BF44}.Release|Any CPU.Build.0 = Release|Any CPU
	EndGlobalSection
	GlobalSection(SolutionProperties) = preSolution
		HideSolutionNode = FALSE
	EndGlobalSection
	GlobalSection(ExtensibilityGlobals) = postSolution
		SolutionGuid = {B10C4345-5EFA-409D-B8DF-0F0DB3DD2889}
	EndGlobalSection
EndGlobal
